
Microsoft Visual Studio Solution File, Format Version 12.00
# Visual Studio Version 17
VisualStudioVersion = 17.14.36915.13 d17.14
MinimumVisualStudioVersion = 10.0.40219.1
Project("{FAE04EC0-301F-11D3-BF4B-00C04F79EFBC}") = "FoodAppV1", "FoodAppV1\FoodAppV1.csproj", "{4D16ECC4-4DC2-4020-92C8-18CF996A7557}"
EndProject
Global
	GlobalSection(SolutionConfigurationPlatforms) = preSolution
		Debug|Any CPU = Debug|Any CPU
		Release|Any CPU = Release|Any CPU
	EndGlobalSection
	GlobalSection(ProjectConfigurationPlatforms) = postSolution
		{4D16ECC4-4DC2-4020-92C8-18CF996A7557}.Debug|Any CPU.ActiveCfg = Debug|Any CPU
		{4D16ECC4-4DC2-4020-92C8-18CF996A7557}.Debug|Any CPU.Build.0 = Debug|Any CPU
		{4D16ECC4-4DC2-4020-92C8-18CF996A7557}.Release|Any CPU.ActiveCfg = Release|Any CPU
		{4D16ECC4-4DC2-4020-92C8-18CF996A7557}.Release|Any CPU.Build.0 = Release|Any CPU
	EndGlobalSection
	GlobalSection(SolutionProperties) = preSolution
		HideSolutionNode = FALSE
	EndGlobalSection
	GlobalSection(ExtensibilityGlobals) = postSolution
		SolutionGuid = {5D878D97-3551-4FB2-95A8-250DA3C95C87}
	EndGlobalSection
EndGlobal
